// !$*UTF8*$!
{
	archiveVersion = 1;
	classes = {
	};
	objectVersion = 77;
	objects = {

/* Begin PBXBuildFile section */
		11E39EAF2CC5E7690067156C /* MainView.swift in Sources */ = {isa = PBXBuildFile; fileRef = 11E39EAE2CC5E7690067156C /* MainView.swift */; };
		11E39EB12CC5EEFB0067156C /* TimelineView.swift in Sources */ = {isa = PBXBuildFile; fileRef = 11E39EB02CC5EEFB0067156C /* TimelineView.swift */; };
/* End PBXBuildFile section */

/* Begin PBXContainerItemProxy section */
		11E39E602CC5DE300067156C /* PBXContainerItemProxy */ = {
			isa = PBXContainerItemProxy;
			containerPortal = 11E39E462CC5DE2C0067156C /* Project object */;
			proxyType = 1;
			remoteGlobalIDString = 11E39E4D2CC5DE2C0067156C;
			remoteInfo = DrakeDev_Incoin;
		};
		11E39E6A2CC5DE300067156C /* PBXContainerItemProxy */ = {
			isa = PBXContainerItemProxy;
			containerPortal = 11E39E462CC5DE2C0067156C /* Project object */;
			proxyType = 1;
			remoteGlobalIDString = 11E39E4D2CC5DE2C0067156C;
			remoteInfo = DrakeDev_Incoin;
		};
/* End PBXContainerItemProxy section */

/* Begin PBXFileReference section */
		11E39E4E2CC5DE2C0067156C /* DrakeDev_Incoin.app */ = {isa = PBXFileReference; explicitFileType = wrapper.application; includeInIndex = 0; path = DrakeDev_Incoin.app; sourceTree = BUILT_PRODUCTS_DIR; };
		11E39E5F2CC5DE300067156C /* DrakeDev_IncoinTests.xctest */ = {isa = PBXFileReference; explicitFileType = wrapper.cfbundle; includeInIndex = 0; path = DrakeDev_IncoinTests.xctest; sourceTree = BUILT_PRODUCTS_DIR; };
		11E39E692CC5DE300067156C /* DrakeDev_IncoinUITests.xctest */ = {isa = PBXFileReference; explicitFileType = wrapper.cfbundle; includeInIndex = 0; path = DrakeDev_IncoinUITests.xctest; sourceTree = BUILT_PRODUCTS_DIR; };
		11E39EAE2CC5E7690067156C /* MainView.swift */ = {isa = PBXFileReference; lastKnownFileType = sourcecode.swift; path = MainView.swift; sourceTree = "<group>"; };
		11E39EB02CC5EEFB0067156C /* TimelineView.swift */ = {isa = PBXFileReference; lastKnownFileType = sourcecode.swift; path = TimelineView.swift; sourceTree = "<group>"; };
/* End PBXFileReference section */

/* Begin PBXFileSystemSynchronizedRootGroup section */
		11E39E502CC5DE2C0067156C /* DrakeDev_Incoin */ = {
			isa = PBXFileSystemSynchronizedRootGroup;
			path = DrakeDev_Incoin;
			sourceTree = "<group>";
		};
		11E39E622CC5DE300067156C /* DrakeDev_IncoinTests */ = {
			isa = PBXFileSystemSynchronizedRootGroup;
			path = DrakeDev_IncoinTests;
			sourceTree = "<group>";
		};
		11E39E6C2CC5DE300067156C /* DrakeDev_IncoinUITests */ = {
			isa = PBXFileSystemSynchronizedRootGroup;
			path = DrakeDev_IncoinUITests;
			sourceTree = "<group>";
		};
/* End PBXFileSystemSynchronizedRootGroup section */

/* Begin PBXFrameworksBuildPhase section */
		11E39E4B2CC5DE2C0067156C /* Frameworks */ = {
			isa = PBXFrameworksBuildPhase;
			buildActionMask = 2147483647;
			files = (
			);
			runOnlyForDeploymentPostprocessing = 0;
		};
		11E39E5C2CC5DE300067156C /* Frameworks */ = {
			isa = PBXFrameworksBuildPhase;
			buildActionMask = 2147483647;
			files = (
			);
			runOnlyForDeploymentPostprocessing = 0;
		};
		11E39E662CC5DE300067156C /* Frameworks */ = {
			isa = PBXFrameworksBuildPhase;
			buildActionMask = 2147483647;
			files = (
			);
			runOnlyForDeploymentPostprocessing = 0;
		};
/* End PBXFrameworksBuildPhase section */

/* Begin PBXGroup section */
		11E39E452CC5DE2C0067156C = {
			isa = PBXGroup;
			children = (
				11E39EAE2CC5E7690067156C /* MainView.swift */,
				11E39EB02CC5EEFB0067156C /* TimelineView.swift */,
				11E39E502CC5DE2C0067156C /* DrakeDev_Incoin */,
				11E39E622CC5DE300067156C /* DrakeDev_IncoinTests */,
				11E39E6C2CC5DE300067156C /* DrakeDev_IncoinUITests */,
				11E39E4F2CC5DE2C0067156C /* Products */,
			);
			sourceTree = "<group>";
		};
		11E39E4F2CC5DE2C0067156C /* Products */ = {
			isa = PBXGroup;
			children = (
				11E39E4E2CC5DE2C0067156C /* DrakeDev_Incoin.app */,
				11E39E5F2CC5DE300067156C /* DrakeDev_IncoinTests.xctest */,
				11E39E692CC5DE300067156C /* DrakeDev_IncoinUITests.xctest */,
			);
			name = Products;
			sourceTree = "<group>";
		};
/* End PBXGroup section */

/* Begin PBXNativeTarget section */
		11E39E4D2CC5DE2C0067156C /* DrakeDev_Incoin */ = {
			isa = PBXNativeTarget;
			buildConfigurationList = 11E39E732CC5DE300067156C /* Build configuration list for PBXNativeTarget "DrakeDev_Incoin" */;
			buildPhases = (
				11E39E4A2CC5DE2C0067156C /* Sources */,
				11E39E4B2CC5DE2C0067156C /* Frameworks */,
				11E39E4C2CC5DE2C0067156C /* Resources */,
			);
			buildRules = (
			);
			dependencies = (
			);
			fileSystemSynchronizedGroups = (
				11E39E502CC5DE2C0067156C /* DrakeDev_Incoin */,
			);
			name = DrakeDev_Incoin;
			packageProductDependencies = (
			);
			productName = DrakeDev_Incoin;
			productReference = 11E39E4E2CC5DE2C0067156C /* DrakeDev_Incoin.app */;
			productType = "com.apple.product-type.application";
		};
		11E39E5E2CC5DE300067156C /* DrakeDev_IncoinTests */ = {
			isa = PBXNativeTarget;
			buildConfigurationList = 11E39E762CC5DE300067156C /* Build configuration list for PBXNativeTarget "DrakeDev_IncoinTests" */;
			buildPhases = (
				11E39E5B2CC5DE300067156C /* Sources */,
				11E39E5C2CC5DE300067156C /* Frameworks */,
				11E39E5D2CC5DE300067156C /* Resources */,
			);
			buildRules = (
			);
			dependencies = (
				11E39E612CC5DE300067156C /* PBXTargetDependency */,
			);
			fileSystemSynchronizedGroups = (
				11E39E622CC5DE300067156C /* DrakeDev_IncoinTests */,
			);
			name = DrakeDev_IncoinTests;
			packageProductDependencies = (
			);
			productName = DrakeDev_IncoinTests;
			productReference = 11E39E5F2CC5DE300067156C /* DrakeDev_IncoinTests.xctest */;
			productType = "com.apple.product-type.bundle.unit-test";
		};
		11E39E682CC5DE300067156C /* DrakeDev_IncoinUITests */ = {
			isa = PBXNativeTarget;
			buildConfigurationList = 11E39E792CC5DE300067156C /* Build configuration list for PBXNativeTarget "DrakeDev_IncoinUITests" */;
			buildPhases = (
				11E39E652CC5DE300067156C /* Sources */,
				11E39E662CC5DE300067156C /* Frameworks */,
				11E39E672CC5DE300067156C /* Resources */,
			);
			buildRules = (
			);
			dependencies = (
				11E39E6B2CC5DE300067156C /* PBXTargetDependency */,
			);
			fileSystemSynchronizedGroups = (
				11E39E6C2CC5DE300067156C /* DrakeDev_IncoinUITests */,
			);
			name = DrakeDev_IncoinUITests;
			packageProductDependencies = (
			);
			productName = DrakeDev_IncoinUITests;
			productReference = 11E39E692CC5DE300067156C /* DrakeDev_IncoinUITests.xctest */;
			productType = "com.apple.product-type.bundle.ui-testing";
		};
/* End PBXNativeTarget section */

/* Begin PBXProject section */
		11E39E462CC5DE2C0067156C /* Project object */ = {
			isa = PBXProject;
			attributes = {
				BuildIndependentTargetsInParallel = 1;
				LastSwiftUpdateCheck = 1600;
				LastUpgradeCheck = 1600;
				TargetAttributes = {
					11E39E4D2CC5DE2C0067156C = {
						CreatedOnToolsVersion = 16.0;
					};
					11E39E5E2CC5DE300067156C = {
						CreatedOnToolsVersion = 16.0;
						TestTargetID = 11E39E4D2CC5DE2C0067156C;
					};
					11E39E682CC5DE300067156C = {
						CreatedOnToolsVersion = 16.0;
						TestTargetID = 11E39E4D2CC5DE2C0067156C;
					};
				};
			};
			buildConfigurationList = 11E39E492CC5DE2C0067156C /* Build configuration list for PBXProject "DrakeDev_Incoin" */;
			developmentRegion = en;
			hasScannedForEncodings = 0;
			knownRegions = (
				en,
				Base,
			);
			mainGroup = 11E39E452CC5DE2C0067156C;
			minimizedProjectReferenceProxies = 1;
			preferredProjectObjectVersion = 77;
			productRefGroup = 11E39E4F2CC5DE2C0067156C /* Products */;
			projectDirPath = "";
			projectRoot = "";
			targets = (
				11E39E4D2CC5DE2C0067156C /* DrakeDev_Incoin */,
				11E39E5E2CC5DE300067156C /* DrakeDev_IncoinTests */,
				11E39E682CC5DE300067156C /* DrakeDev_IncoinUITests */,
			);
		};
/* End PBXProject section */

/* Begin PBXResourcesBuildPhase section */
		11E39E4C2CC5DE2C0067156C /* Resources */ = {
			isa = PBXResourcesBuildPhase;
			buildActionMask = 2147483647;
			files = (
			);
			runOnlyForDeploymentPostprocessing = 0;
		};
		11E39E5D2CC5DE300067156C /* Resources */ = {
			isa = PBXResourcesBuildPhase;
			buildActionMask = 2147483647;
			files = (
			);
			runOnlyForDeploymentPostprocessing = 0;
		};
		11E39E672CC5DE300067156C /* Resources */ = {
			isa = PBXResourcesBuildPhase;
			buildActionMask = 2147483647;
			files = (
			);
			runOnlyForDeploymentPostprocessing = 0;
		};
/* End PBXResourcesBuildPhase section */

/* Begin PBXSourcesBuildPhase section */
		11E39E4A2CC5DE2C0067156C /* Sources */ = {
			isa = PBXSourcesBuildPhase;
			buildActionMask = 2147483647;
			files = (
				11E39EB12CC5EEFB0067156C /* TimelineView.swift in Sources */,
				11E39EAF2CC5E7690067156C /* MainView.swift in Sources */,
			);
			runOnlyForDeploymentPostprocessing = 0;
		};
		11E39E5B2CC5DE300067156C /* Sources */ = {
			isa = PBXSourcesBuildPhase;
			buildActionMask = 2147483647;
			files = (
			);
			runOnlyForDeploymentPostprocessing = 0;
		};
		11E39E652CC5DE300067156C /* Sources */ = {
			isa = PBXSourcesBuildPhase;
			buildActionMask = 2147483647;
			files = (
			);
			runOnlyForDeploymentPostprocessing = 0;
		};
/* End PBXSourcesBuildPhase section */

/* Begin PBXTargetDependency section */
		11E39E612CC5DE300067156C /* PBXTargetDependency */ = {
			isa = PBXTargetDependency;
			target = 11E39E4D2CC5DE2C0067156C /* DrakeDev_Incoin */;
			targetProxy = 11E39E602CC5DE300067156C /* PBXContainerItemProxy */;
		};
		11E39E6B2CC5DE300067156C /* PBXTargetDependency */ = {
			isa = PBXTargetDependency;
			target = 11E39E4D2CC5DE2C0067156C /* DrakeDev_Incoin */;
			targetProxy = 11E39E6A2CC5DE300067156C /* PBXContainerItemProxy */;
		};
/* End PBXTargetDependency section */

/* Begin XCBuildConfiguration section */
		11E39E712CC5DE300067156C /* Debug */ = {
			isa = XCBuildConfiguration;
			buildSettings = {
				ALWAYS_SEARCH_USER_PATHS = NO;
				ASSETCATALOG_COMPILER_GENERATE_SWIFT_ASSET_SYMBOL_EXTENSIONS = YES;
				CLANG_ANALYZER_NONNULL = YES;
				CLANG_ANALYZER_NUMBER_OBJECT_CONVERSION = YES_AGGRESSIVE;
				CLANG_CXX_LANGUAGE_STANDARD = "gnu++20";
				CLANG_ENABLE_MODULES = YES;
				CLANG_ENABLE_OBJC_ARC = YES;
				CLANG_ENABLE_OBJC_WEAK = YES;
				CLANG_WARN_BLOCK_CAPTURE_AUTORELEASING = YES;
				CLANG_WARN_BOOL_CONVERSION = YES;
				CLANG_WARN_COMMA = YES;
				CLANG_WARN_CONSTANT_CONVERSION = YES;
				CLANG_WARN_DEPRECATED_OBJC_IMPLEMENTATIONS = YES;
				CLANG_WARN_DIRECT_OBJC_ISA_USAGE = YES_ERROR;
				CLANG_WARN_DOCUMENTATION_COMMENTS = YES;
				CLANG_WARN_EMPTY_BODY = YES;
				CLANG_WARN_ENUM_CONVERSION = YES;
				CLANG_WARN_INFINITE_RECURSION = YES;
				CLANG_WARN_INT_CONVERSION = YES;
				CLANG_WARN_NON_LITERAL_NULL_CONVERSION = YES;
				CLANG_WARN_OBJC_IMPLICIT_RETAIN_SELF = YES;
				CLANG_WARN_OBJC_LITERAL_CONVERSION = YES;
				CLANG_WARN_OBJC_ROOT_CLASS = YES_ERROR;
				CLANG_WARN_QUOTED_INCLUDE_IN_FRAMEWORK_HEADER = YES;
				CLANG_WARN_RANGE_LOOP_ANALYSIS = YES;
				CLANG_WARN_STRICT_PROTOTYPES = YES;
				CLANG_WARN_SUSPICIOUS_MOVE = YES;
				CLANG_WARN_UNGUARDED_AVAILABILITY = YES_AGGRESSIVE;
				CLANG_WARN_UNREACHABLE_CODE = YES;
				CLANG_WARN__DUPLICATE_METHOD_MATCH = YES;
				COPY_PHASE_STRIP = NO;
				DEBUG_INFORMATION_FORMAT = dwarf;
				ENABLE_STRICT_OBJC_MSGSEND = YES;
				ENABLE_TESTABILITY = YES;
				ENABLE_USER_SCRIPT_SANDBOXING = YES;
				GCC_C_LANGUAGE_STANDARD = gnu17;
				GCC_DYNAMIC_NO_PIC = NO;
				GCC_NO_COMMON_BLOCKS = YES;
				GCC_OPTIMIZATION_LEVEL = 0;
				GCC_PREPROCESSOR_DEFINITIONS = (
					"DEBUG=1",
					"$(inherited)",
				);
				GCC_WARN_64_TO_32_BIT_CONVERSION = YES;
				GCC_WARN_ABOUT_RETURN_TYPE = YES_ERROR;
				GCC_WARN_UNDECLARED_SELECTOR = YES;
				GCC_WARN_UNINITIALIZED_AUTOS = YES_AGGRESSIVE;
				GCC_WARN_UNUSED_FUNCTION = YES;
				GCC_WARN_UNUSED_VARIABLE = YES;
				LOCALIZATION_PREFERS_STRING_CATALOGS = YES;
				MTL_ENABLE_DEBUG_INFO = INCLUDE_SOURCE;
				MTL_FAST_MATH = YES;
				ONLY_ACTIVE_ARCH = YES;
				SWIFT_ACTIVE_COMPILATION_CONDITIONS = "DEBUG $(inherited)";
				SWIFT_OPTIMIZATION_LEVEL = "-Onone";
			};
			name = Debug;
		};
		11E39E722CC5DE300067156C /* Release */ = {
			isa = XCBuildConfiguration;
			buildSettings = {
				ALWAYS_SEARCH_USER_PATHS = NO;
				ASSETCATALOG_COMPILER_GENERATE_SWIFT_ASSET_SYMBOL_EXTENSIONS = YES;
				CLANG_ANALYZER_NONNULL = YES;
				CLANG_ANALYZER_NUMBER_OBJECT_CONVERSION = YES_AGGRESSIVE;
				CLANG_CXX_LANGUAGE_STANDARD = "gnu++20";
				CLANG_ENABLE_MODULES = YES;
				CLANG_ENABLE_OBJC_ARC = YES;
				CLANG_ENABLE_OBJC_WEAK = YES;
				CLANG_WARN_BLOCK_CAPTURE_AUTORELEASING = YES;
				CLANG_WARN_BOOL_CONVERSION = YES;
				CLANG_WARN_COMMA = YES;
				CLANG_WARN_CONSTANT_CONVERSION = YES;
				CLANG_WARN_DEPRECATED_OBJC_IMPLEMENTATIONS = YES;
				CLANG_WARN_DIRECT_OBJC_ISA_USAGE = YES_ERROR;
				CLANG_WARN_DOCUMENTATION_COMMENTS = YES;
				CLANG_WARN_EMPTY_BODY = YES;
				CLANG_WARN_ENUM_CONVERSION = YES;
				CLANG_WARN_INFINITE_RECURSION = YES;
				CLANG_WARN_INT_CONVERSION = YES;
				CLANG_WARN_NON_LITERAL_NULL_CONVERSION = YES;
				CLANG_WARN_OBJC_IMPLICIT_RETAIN_SELF = YES;
				CLANG_WARN_OBJC_LITERAL_CONVERSION = YES;
				CLANG_WARN_OBJC_ROOT_CLASS = YES_ERROR;
				CLANG_WARN_QUOTED_INCLUDE_IN_FRAMEWORK_HEADER = YES;
				CLANG_WARN_RANGE_LOOP_ANALYSIS = YES;
				CLANG_WARN_STRICT_PROTOTYPES = YES;
				CLANG_WARN_SUSPICIOUS_MOVE = YES;
				CLANG_WARN_UNGUARDED_AVAILABILITY = YES_AGGRESSIVE;
				CLANG_WARN_UNREACHABLE_CODE = YES;
				CLANG_WARN__DUPLICATE_METHOD_MATCH = YES;
				COPY_PHASE_STRIP = NO;
				DEBUG_INFORMATION_FORMAT = "dwarf-with-dsym";
				ENABLE_NS_ASSERTIONS = NO;
				ENABLE_STRICT_OBJC_MSGSEND = YES;
				ENABLE_USER_SCRIPT_SANDBOXING = YES;
				GCC_C_LANGUAGE_STANDARD = gnu17;
				GCC_NO_COMMON_BLOCKS = YES;
				GCC_WARN_64_TO_32_BIT_CONVERSION = YES;
				GCC_WARN_ABOUT_RETURN_TYPE = YES_ERROR;
				GCC_WARN_UNDECLARED_SELECTOR = YES;
				GCC_WARN_UNINITIALIZED_AUTOS = YES_AGGRESSIVE;
				GCC_WARN_UNUSED_FUNCTION = YES;
				GCC_WARN_UNUSED_VARIABLE = YES;
				LOCALIZATION_PREFERS_STRING_CATALOGS = YES;
				MTL_ENABLE_DEBUG_INFO = NO;
				MTL_FAST_MATH = YES;
				SWIFT_COMPILATION_MODE = wholemodule;
			};
			name = Release;
		};
		11E39E742CC5DE300067156C /* Debug */ = {
			isa = XCBuildConfiguration;
			buildSettings = {
				ASSETCATALOG_COMPILER_APPICON_NAME = AppIcon;
				ASSETCATALOG_COMPILER_GLOBAL_ACCENT_COLOR_NAME = AccentColor;
				CODE_SIGN_ENTITLEMENTS = DrakeDev_Incoin/DrakeDev_Incoin.entitlements;
				CODE_SIGN_STYLE = Automatic;
				CURRENT_PROJECT_VERSION = 1;
				DEVELOPMENT_ASSET_PATHS = "\"DrakeDev_Incoin/Preview Content\"";
				ENABLE_PREVIEWS = YES;
				GENERATE_INFOPLIST_FILE = YES;
				"INFOPLIST_KEY_UIApplicationSceneManifest_Generation[sdk=iphoneos*]" = YES;
				"INFOPLIST_KEY_UIApplicationSceneManifest_Generation[sdk=iphonesimulator*]" = YES;
				"INFOPLIST_KEY_UIApplicationSupportsIndirectInputEvents[sdk=iphoneos*]" = YES;
				"INFOPLIST_KEY_UIApplicationSupportsIndirectInputEvents[sdk=iphonesimulator*]" = YES;
				"INFOPLIST_KEY_UILaunchScreen_Generation[sdk=iphoneos*]" = YES;
				"INFOPLIST_KEY_UILaunchScreen_Generation[sdk=iphonesimulator*]" = YES;
				"INFOPLIST_KEY_UIStatusBarStyle[sdk=iphoneos*]" = UIStatusBarStyleDefault;
				"INFOPLIST_KEY_UIStatusBarStyle[sdk=iphonesimulator*]" = UIStatusBarStyleDefault;
				INFOPLIST_KEY_UISupportedInterfaceOrientations_iPad = "UIInterfaceOrientationPortrait UIInterfaceOrientationPortraitUpsideDown UIInterfaceOrientationLandscapeLeft UIInterfaceOrientationLandscapeRight";
				INFOPLIST_KEY_UISupportedInterfaceOrientations_iPhone = "UIInterfaceOrientationPortrait UIInterfaceOrientationLandscapeLeft UIInterfaceOrientationLandscapeRight";
				IPHONEOS_DEPLOYMENT_TARGET = 18.0;
				LD_RUNPATH_SEARCH_PATHS = "@executable_path/Frameworks";
				"LD_RUNPATH_SEARCH_PATHS[sdk=macosx*]" = "@executable_path/../Frameworks";
				MACOSX_DEPLOYMENT_TARGET = 15.0;
				MARKETING_VERSION = 1.0;
				PRODUCT_BUNDLE_IDENTIFIER = "SST-inc..DrakeDev-Incoin";
				PRODUCT_NAME = "$(TARGET_NAME)";
				SDKROOT = auto;
				SUPPORTED_PLATFORMS = "iphoneos iphonesimulator macosx xros xrsimulator";
				SWIFT_EMIT_LOC_STRINGS = YES;
				SWIFT_VERSION = 5.0;
				TARGETED_DEVICE_FAMILY = "1,2,7";
				XROS_DEPLOYMENT_TARGET = 2.0;
			};
			name = Debug;
		};
		11E39E752CC5DE300067156C /* Release */ = {
			isa = XCBuildConfiguration;
			buildSettings = {
				ASSETCATALOG_COMPILER_APPICON_NAME = AppIcon;
				ASSETCATALOG_COMPILER_GLOBAL_ACCENT_COLOR_NAME = AccentColor;
				CODE_SIGN_ENTITLEMENTS = DrakeDev_Incoin/DrakeDev_Incoin.entitlements;
				CODE_SIGN_STYLE = Automatic;
				CURRENT_PROJECT_VERSION = 1;
				DEVELOPMENT_ASSET_PATHS = "\"DrakeDev_Incoin/Preview Content\"";
				ENABLE_PREVIEWS = YES;
				GENERATE_INFOPLIST_FILE = YES;
				"INFOPLIST_KEY_UIApplicationSceneManifest_Generation[sdk=iphoneos*]" = YES;
				"INFOPLIST_KEY_UIApplicationSceneManifest_Generation[sdk=iphonesimulator*]" = YES;
				"INFOPLIST_KEY_UIApplicationSupportsIndirectInputEvents[sdk=iphoneos*]" = YES;
				"INFOPLIST_KEY_UIApplicationSupportsIndirectInputEvents[sdk=iphonesimulator*]" = YES;
				"INFOPLIST_KEY_UILaunchScreen_Generation[sdk=iphoneos*]" = YES;
				"INFOPLIST_KEY_UILaunchScreen_Generation[sdk=iphonesimulator*]" = YES;
				"INFOPLIST_KEY_UIStatusBarStyle[sdk=iphoneos*]" = UIStatusBarStyleDefault;
				"INFOPLIST_KEY_UIStatusBarStyle[sdk=iphonesimulator*]" = UIStatusBarStyleDefault;
				INFOPLIST_KEY_UISupportedInterfaceOrientations_iPad = "UIInterfaceOrientationPortrait UIInterfaceOrientationPortraitUpsideDown UIInterfaceOrientationLandscapeLeft UIInterfaceOrientationLandscapeRight";
				INFOPLIST_KEY_UISupportedInterfaceOrientations_iPhone = "UIInterfaceOrientationPortrait UIInterfaceOrientationLandscapeLeft UIInterfaceOrientationLandscapeRight";
				IPHONEOS_DEPLOYMENT_TARGET = 18.0;
				LD_RUNPATH_SEARCH_PATHS = "@executable_path/Frameworks";
				"LD_RUNPATH_SEARCH_PATHS[sdk=macosx*]" = "@executable_path/../Frameworks";
				MACOSX_DEPLOYMENT_TARGET = 15.0;
				MARKETING_VERSION = 1.0;
				PRODUCT_BUNDLE_IDENTIFIER = "SST-inc..DrakeDev-Incoin";
				PRODUCT_NAME = "$(TARGET_NAME)";
				SDKROOT = auto;
				SUPPORTED_PLATFORMS = "iphoneos iphonesimulator macosx xros xrsimulator";
				SWIFT_EMIT_LOC_STRINGS = YES;
				SWIFT_VERSION = 5.0;
				TARGETED_DEVICE_FAMILY = "1,2,7";
				XROS_DEPLOYMENT_TARGET = 2.0;
			};
			name = Release;
		};
		11E39E772CC5DE300067156C /* Debug */ = {
			isa = XCBuildConfiguration;
			buildSettings = {
				BUNDLE_LOADER = "$(TEST_HOST)";
				CODE_SIGN_STYLE = Automatic;
				CURRENT_PROJECT_VERSION = 1;
				GENERATE_INFOPLIST_FILE = YES;
				IPHONEOS_DEPLOYMENT_TARGET = 18.0;
				MACOSX_DEPLOYMENT_TARGET = 15.0;
				MARKETING_VERSION = 1.0;
				PRODUCT_BUNDLE_IDENTIFIER = "SST-inc..DrakeDev-IncoinTests";
				PRODUCT_NAME = "$(TARGET_NAME)";
				SDKROOT = auto;
				SUPPORTED_PLATFORMS = "iphoneos iphonesimulator macosx xros xrsimulator";
				SWIFT_EMIT_LOC_STRINGS = NO;
				SWIFT_VERSION = 5.0;
				TARGETED_DEVICE_FAMILY = "1,2,7";
				TEST_HOST = "$(BUILT_PRODUCTS_DIR)/DrakeDev_Incoin.app/$(BUNDLE_EXECUTABLE_FOLDER_PATH)/DrakeDev_Incoin";
				XROS_DEPLOYMENT_TARGET = 2.0;
			};
			name = Debug;
		};
		11E39E782CC5DE300067156C /* Release */ = {
			isa = XCBuildConfiguration;
			buildSettings = {
				BUNDLE_LOADER = "$(TEST_HOST)";
				CODE_SIGN_STYLE = Automatic;
				CURRENT_PROJECT_VERSION = 1;
				GENERATE_INFOPLIST_FILE = YES;
				IPHONEOS_DEPLOYMENT_TARGET = 18.0;
				MACOSX_DEPLOYMENT_TARGET = 15.0;
				MARKETING_VERSION = 1.0;
				PRODUCT_BUNDLE_IDENTIFIER = "SST-inc..DrakeDev-IncoinTests";
				PRODUCT_NAME = "$(TARGET_NAME)";
				SDKROOT = auto;
				SUPPORTED_PLATFORMS = "iphoneos iphonesimulator macosx xros xrsimulator";
				SWIFT_EMIT_LOC_STRINGS = NO;
				SWIFT_VERSION = 5.0;
				TARGETED_DEVICE_FAMILY = "1,2,7";
				TEST_HOST = "$(BUILT_PRODUCTS_DIR)/DrakeDev_Incoin.app/$(BUNDLE_EXECUTABLE_FOLDER_PATH)/DrakeDev_Incoin";
				XROS_DEPLOYMENT_TARGET = 2.0;
			};
			name = Release;
		};
		11E39E7A2CC5DE300067156C /* Debug */ = {
			isa = XCBuildConfiguration;
			buildSettings = {
				CODE_SIGN_STYLE = Automatic;
				CURRENT_PROJECT_VERSION = 1;
				GENERATE_INFOPLIST_FILE = YES;
				IPHONEOS_DEPLOYMENT_TARGET = 18.0;
				MACOSX_DEPLOYMENT_TARGET = 15.0;
				MARKETING_VERSION = 1.0;
				PRODUCT_BUNDLE_IDENTIFIER = "SST-inc..DrakeDev-IncoinUITests";
				PRODUCT_NAME = "$(TARGET_NAME)";
				SDKROOT = auto;
				SUPPORTED_PLATFORMS = "iphoneos iphonesimulator macosx xros xrsimulator";
				SWIFT_EMIT_LOC_STRINGS = NO;
				SWIFT_VERSION = 5.0;
				TARGETED_DEVICE_FAMILY = "1,2,7";
				TEST_TARGET_NAME = DrakeDev_Incoin;
				XROS_DEPLOYMENT_TARGET = 2.0;
			};
			name = Debug;
		};
		11E39E7B2CC5DE300067156C /* Release */ = {
			isa = XCBuildConfiguration;
			buildSettings = {
				CODE_SIGN_STYLE = Automatic;
				CURRENT_PROJECT_VERSION = 1;
				GENERATE_INFOPLIST_FILE = YES;
				IPHONEOS_DEPLOYMENT_TARGET = 18.0;
				MACOSX_DEPLOYMENT_TARGET = 15.0;
				MARKETING_VERSION = 1.0;
				PRODUCT_BUNDLE_IDENTIFIER = "SST-inc..DrakeDev-IncoinUITests";
				PRODUCT_NAME = "$(TARGET_NAME)";
				SDKROOT = auto;
				SUPPORTED_PLATFORMS = "iphoneos iphonesimulator macosx xros xrsimulator";
				SWIFT_EMIT_LOC_STRINGS = NO;
				SWIFT_VERSION = 5.0;
				TARGETED_DEVICE_FAMILY = "1,2,7";
				TEST_TARGET_NAME = DrakeDev_Incoin;
				XROS_DEPLOYMENT_TARGET = 2.0;
			};
			name = Release;
		};
/* End XCBuildConfiguration section */

/* Begin XCConfigurationList section */
		11E39E492CC5DE2C0067156C /* Build configuration list for PBXProject "DrakeDev_Incoin" */ = {
			isa = XCConfigurationList;
			buildConfigurations = (
				11E39E712CC5DE300067156C /* Debug */,
				11E39E722CC5DE300067156C /* Release */,
			);
			defaultConfigurationIsVisible = 0;
			defaultConfigurationName = Release;
		};
		11E39E732CC5DE300067156C /* Build configuration list for PBXNativeTarget "DrakeDev_Incoin" */ = {
			isa = XCConfigurationList;
			buildConfigurations = (
				11E39E742CC5DE300067156C /* Debug */,
				11E39E752CC5DE300067156C /* Release */,
			);
			defaultConfigurationIsVisible = 0;
			defaultConfigurationName = Release;
		};
		11E39E762CC5DE300067156C /* Build configuration list for PBXNativeTarget "DrakeDev_IncoinTests" */ = {
			isa = XCConfigurationList;
			buildConfigurations = (
				11E39E772CC5DE300067156C /* Debug */,
				11E39E782CC5DE300067156C /* Release */,
			);
			defaultConfigurationIsVisible = 0;
			defaultConfigurationName = Release;
		};
		11E39E792CC5DE300067156C /* Build configuration list for PBXNativeTarget "DrakeDev_IncoinUITests" */ = {
			isa = XCConfigurationList;
			buildConfigurations = (
				11E39E7A2CC5DE300067156C /* Debug */,
				11E39E7B2CC5DE300067156C /* Release */,
			);
			defaultConfigurationIsVisible = 0;
			defaultConfigurationName = Release;
		};
/* End XCConfigurationList section */
	};
	rootObject = 11E39E462CC5DE2C0067156C /* Project object */;
}
